
Microsoft Visual Studio Solution File, Format Version 12.00
# Visual Studio 15
VisualStudioVersion = 15.0.28307.539
MinimumVisualStudioVersion = 10.0.40219.1
Project("{FAE04EC0-301F-11D3-BF4B-00C04F79EFBC}") = "net-ef-training", "net-ef-training\net-ef-training.csproj", "{EF000105-8FB2-4252-9C11-13DB795B8DCA}"
EndProject
Project("{FAE04EC0-301F-11D3-BF4B-00C04F79EFBC}") = "ef-training-console", "ef-training-console\ef-training-console.csproj", "{776D086C-1EBB-4E4E-A9EC-7EB84FA658D0}"
EndProject
Project("{FAE04EC0-301F-11D3-BF4B-00C04F79EFBC}") = "CodeFirstExistingDatabaseSample", "CodeFirstExistingDatabaseSample\CodeFirstExistingDatabaseSample.csproj", "{D94E61C9-D1DA-4B99-A5F9-F8D39EC2DF75}"
EndProject
Project("{FAE04EC0-301F-11D3-BF4B-00C04F79EFBC}") = "test", "test\test.csproj", "{A030CE92-A18F-4EC6-9072-F23754378B0E}"
EndProject
Global
	GlobalSection(SolutionConfigurationPlatforms) = preSolution
		Debug|Any CPU = Debug|Any CPU
		Release|Any CPU = Release|Any CPU
	EndGlobalSection
	GlobalSection(ProjectConfigurationPlatforms) = postSolution
		{EF000105-8FB2-4252-9C11-13DB795B8DCA}.Debug|Any CPU.ActiveCfg = Debug|Any CPU
		{EF000105-8FB2-4252-9C11-13DB795B8DCA}.Debug|Any CPU.Build.0 = Debug|Any CPU
		{EF000105-8FB2-4252-9C11-13DB795B8DCA}.Release|Any CPU.ActiveCfg = Release|Any CPU
		{EF000105-8FB2-4252-9C11-13DB795B8DCA}.Release|Any CPU.Build.0 = Release|Any CPU
		{776D086C-1EBB-4E4E-A9EC-7EB84FA658D0}.Debug|Any CPU.ActiveCfg = Debug|Any CPU
		{776D086C-1EBB-4E4E-A9EC-7EB84FA658D0}.Debug|Any CPU.Build.0 = Debug|Any CPU
		{776D086C-1EBB-4E4E-A9EC-7EB84FA658D0}.Release|Any CPU.ActiveCfg = Release|Any CPU
		{776D086C-1EBB-4E4E-A9EC-7EB84FA658D0}.Release|Any CPU.Build.0 = Release|Any CPU
		{D94E61C9-D1DA-4B99-A5F9-F8D39EC2DF75}.Debug|Any CPU.ActiveCfg = Debug|Any CPU
		{D94E61C9-D1DA-4B99-A5F9-F8D39EC2DF75}.Debug|Any CPU.Build.0 = Debug|Any CPU
		{D94E61C9-D1DA-4B99-A5F9-F8D39EC2DF75}.Release|Any CPU.ActiveCfg = Release|Any CPU
		{D94E61C9-D1DA-4B99-A5F9-F8D39EC2DF75}.Release|Any CPU.Build.0 = Release|Any CPU
		{A030CE92-A18F-4EC6-9072-F23754378B0E}.Debug|Any CPU.ActiveCfg = Debug|Any CPU
		{A030CE92-A18F-4EC6-9072-F23754378B0E}.Debug|Any CPU.Build.0 = Debug|Any CPU
		{A030CE92-A18F-4EC6-9072-F23754378B0E}.Release|Any CPU.ActiveCfg = Release|Any CPU
		{A030CE92-A18F-4EC6-9072-F23754378B0E}.Release|Any CPU.Build.0 = Release|Any CPU
	EndGlobalSection
	GlobalSection(SolutionProperties) = preSolution
		HideSolutionNode = FALSE
	EndGlobalSection
	GlobalSection(ExtensibilityGlobals) = postSolution
		SolutionGuid = {FBA01BC3-2699-46F6-903F-55603EF82D89}
	EndGlobalSection
EndGlobal
